
Microsoft Visual Studio Solution File, Format Version 12.00
# Visual Studio 2012
# Ranorex Studio 9.3.0
VisualStudioVersion = 12.0.20827.3
MinimumVisualStudioVersion = 10.0.40219.1
Project("{FAE04EC0-301F-11D3-BF4B-00C04F79EFBC}") = "GlobalParamDemo", "GlobalParamDemo\GlobalParamDemo.csproj", "{EC138D50-9093-479D-B4AC-40C505F2BEB1}"
EndProject
Project("{2150E333-8FDC-42A3-9474-1A3956D46DE8}") = "Solution Items", "Solution Items", "{BAB845F6-A6A0-4056-B779-78F5D2EC891B}"
	ProjectSection(SolutionItems) = postProject
		Ranorex = .\Ranorex.rxsettings
	EndProjectSection
EndProject
Global
	GlobalSection(SolutionConfigurationPlatforms) = preSolution
		Debug|x86 = Debug|x86
		Release|x86 = Release|x86
	EndGlobalSection
	GlobalSection(ProjectConfigurationPlatforms) = postSolution
		{EC138D50-9093-479D-B4AC-40C505F2BEB1}.Debug|x86.Build.0 = Debug|x86
		{EC138D50-9093-479D-B4AC-40C505F2BEB1}.Debug|x86.ActiveCfg = Debug|x86
		{EC138D50-9093-479D-B4AC-40C505F2BEB1}.Release|x86.Build.0 = Release|x86
		{EC138D50-9093-479D-B4AC-40C505F2BEB1}.Release|x86.ActiveCfg = Release|x86
	EndGlobalSection
EndGlobal
